
Microsoft Visual Studio Solution File, Format Version 12.00
# Visual Studio Version 17
VisualStudioVersion = 17.10.35027.167
MinimumVisualStudioVersion = 10.0.40219.1
Project("{8BC9CEB8-8B4A-11D0-8D11-00A0C91BC942}") = "C2_arrays_34", "C2_arrays_34\C2_arrays_34.vcxproj", "{D94BD3AA-A5A3-41B2-A615-C2FB05900C21}"
EndProject
Global
	GlobalSection(SolutionConfigurationPlatforms) = preSolution
		Debug|x64 = Debug|x64
		Debug|x86 = Debug|x86
		Release|x64 = Release|x64
		Release|x86 = Release|x86
	EndGlobalSection
	GlobalSection(ProjectConfigurationPlatforms) = postSolution
		{D94BD3AA-A5A3-41B2-A615-C2FB05900C21}.Debug|x64.ActiveCfg = Debug|x64
		{D94BD3AA-A5A3-41B2-A615-C2FB05900C21}.Debug|x64.Build.0 = Debug|x64
		{D94BD3AA-A5A3-41B2-A615-C2FB05900C21}.Debug|x86.ActiveCfg = Debug|Win32
		{D94BD3AA-A5A3-41B2-A615-C2FB05900C21}.Debug|x86.Build.0 = Debug|Win32
		{D94BD3AA-A5A3-41B2-A615-C2FB05900C21}.Release|x64.ActiveCfg = Release|x64
		{D94BD3AA-A5A3-41B2-A615-C2FB05900C21}.Release|x64.Build.0 = Release|x64
		{D94BD3AA-A5A3-41B2-A615-C2FB05900C21}.Release|x86.ActiveCfg = Release|Win32
		{D94BD3AA-A5A3-41B2-A615-C2FB05900C21}.Release|x86.Build.0 = Release|Win32
	EndGlobalSection
	GlobalSection(SolutionProperties) = preSolution
		HideSolutionNode = FALSE
	EndGlobalSection
	GlobalSection(ExtensibilityGlobals) = postSolution
		SolutionGuid = {2AFCA841-B708-45D6-83C0-1A48F8C0B107}
	EndGlobalSection
EndGlobal
