
Microsoft Visual Studio Solution File, Format Version 12.00
# Visual Studio Version 17
VisualStudioVersion = 17.10.35027.167
MinimumVisualStudioVersion = 10.0.40219.1
Project("{8BC9CEB8-8B4A-11D0-8D11-00A0C91BC942}") = "Ordenacion_por_metodo_burbuja", "Ordenacion_por_metodo_burbuja\Ordenacion_por_metodo_burbuja.vcxproj", "{CA5EBDF2-E6DF-4D16-BFE9-ECDE64BD59F6}"
EndProject
Global
	GlobalSection(SolutionConfigurationPlatforms) = preSolution
		Debug|x64 = Debug|x64
		Debug|x86 = Debug|x86
		Release|x64 = Release|x64
		Release|x86 = Release|x86
	EndGlobalSection
	GlobalSection(ProjectConfigurationPlatforms) = postSolution
		{CA5EBDF2-E6DF-4D16-BFE9-ECDE64BD59F6}.Debug|x64.ActiveCfg = Debug|x64
		{CA5EBDF2-E6DF-4D16-BFE9-ECDE64BD59F6}.Debug|x64.Build.0 = Debug|x64
		{CA5EBDF2-E6DF-4D16-BFE9-ECDE64BD59F6}.Debug|x86.ActiveCfg = Debug|Win32
		{CA5EBDF2-E6DF-4D16-BFE9-ECDE64BD59F6}.Debug|x86.Build.0 = Debug|Win32
		{CA5EBDF2-E6DF-4D16-BFE9-ECDE64BD59F6}.Release|x64.ActiveCfg = Release|x64
		{CA5EBDF2-E6DF-4D16-BFE9-ECDE64BD59F6}.Release|x64.Build.0 = Release|x64
		{CA5EBDF2-E6DF-4D16-BFE9-ECDE64BD59F6}.Release|x86.ActiveCfg = Release|Win32
		{CA5EBDF2-E6DF-4D16-BFE9-ECDE64BD59F6}.Release|x86.Build.0 = Release|Win32
	EndGlobalSection
	GlobalSection(SolutionProperties) = preSolution
		HideSolutionNode = FALSE
	EndGlobalSection
	GlobalSection(ExtensibilityGlobals) = postSolution
		SolutionGuid = {A8D15804-0A9C-4CE3-8B27-33D0EBB7E5B9}
	EndGlobalSection
EndGlobal
