
Microsoft Visual Studio Solution File, Format Version 12.00
# Visual Studio Version 17
VisualStudioVersion = 17.10.35027.167
MinimumVisualStudioVersion = 10.0.40219.1
Project("{8BC9CEB8-8B4A-11D0-8D11-00A0C91BC942}") = "Repaso_bidimensional_ej1", "Repaso_bidimensional_ej1\Repaso_bidimensional_ej1.vcxproj", "{6B39770E-2C4E-4A75-8A6D-F08DA5DE35C0}"
EndProject
Global
	GlobalSection(SolutionConfigurationPlatforms) = preSolution
		Debug|x64 = Debug|x64
		Debug|x86 = Debug|x86
		Release|x64 = Release|x64
		Release|x86 = Release|x86
	EndGlobalSection
	GlobalSection(ProjectConfigurationPlatforms) = postSolution
		{6B39770E-2C4E-4A75-8A6D-F08DA5DE35C0}.Debug|x64.ActiveCfg = Debug|x64
		{6B39770E-2C4E-4A75-8A6D-F08DA5DE35C0}.Debug|x64.Build.0 = Debug|x64
		{6B39770E-2C4E-4A75-8A6D-F08DA5DE35C0}.Debug|x86.ActiveCfg = Debug|Win32
		{6B39770E-2C4E-4A75-8A6D-F08DA5DE35C0}.Debug|x86.Build.0 = Debug|Win32
		{6B39770E-2C4E-4A75-8A6D-F08DA5DE35C0}.Release|x64.ActiveCfg = Release|x64
		{6B39770E-2C4E-4A75-8A6D-F08DA5DE35C0}.Release|x64.Build.0 = Release|x64
		{6B39770E-2C4E-4A75-8A6D-F08DA5DE35C0}.Release|x86.ActiveCfg = Release|Win32
		{6B39770E-2C4E-4A75-8A6D-F08DA5DE35C0}.Release|x86.Build.0 = Release|Win32
	EndGlobalSection
	GlobalSection(SolutionProperties) = preSolution
		HideSolutionNode = FALSE
	EndGlobalSection
	GlobalSection(ExtensibilityGlobals) = postSolution
		SolutionGuid = {C53B882D-62B0-43D3-8BA8-5035231E3C1A}
	EndGlobalSection
EndGlobal
